// !$*UTF8*$!
{
	archiveVersion = 1;
	classes = {
	};
	objectVersion = 46;
	objects = {

/* Begin PBXBuildFile section */
		1EFD9EFF76F5DC5423544C24 /* Pods_AppStoreCollectionViewLayout_Demo.framework in Frameworks */ = {isa = PBXBuildFile; fileRef = 0C8857C1299188DD27B96D89 /* Pods_AppStoreCollectionViewLayout_Demo.framework */; };
		8A91137C1FA5D7CA005029FB /* CustomItemSizeDemoCollectionViewController.swift in Sources */ = {isa = PBXBuildFile; fileRef = 8A91137B1FA5D7CA005029FB /* CustomItemSizeDemoCollectionViewController.swift */; };
		8AC87D7D1D48EF7C00B0DAFE /* AppDelegate.swift in Sources */ = {isa = PBXBuildFile; fileRef = 8AC87D731D48EF7C00B0DAFE /* AppDelegate.swift */; };
		8AC87D7E1D48EF7C00B0DAFE /* Apps.plist in Resources */ = {isa = PBXBuildFile; fileRef = 8AC87D741D48EF7C00B0DAFE /* Apps.plist */; };
		8AC87D7F1D48EF7C00B0DAFE /* AppStoreCollectionViewLayoutDemoViewController.swift in Sources */ = {isa = PBXBuildFile; fileRef = 8AC87D751D48EF7C00B0DAFE /* AppStoreCollectionViewLayoutDemoViewController.swift */; };
		8AC87D801D48EF7C00B0DAFE /* Assets.xcassets in Resources */ = {isa = PBXBuildFile; fileRef = 8AC87D761D48EF7C00B0DAFE /* Assets.xcassets */; };
		8AC87D811D48EF7C00B0DAFE /* LaunchScreen.storyboard in Resources */ = {isa = PBXBuildFile; fileRef = 8AC87D781D48EF7C00B0DAFE /* LaunchScreen.storyboard */; };
		8AC87D821D48EF7C00B0DAFE /* Main.storyboard in Resources */ = {isa = PBXBuildFile; fileRef = 8AC87D7A1D48EF7C00B0DAFE /* Main.storyboard */; };
/* End PBXBuildFile section */

/* Begin PBXCopyFilesBuildPhase section */
		8A8C893A1D4A797100E2F53B /* Embed Frameworks */ = {
			isa = PBXCopyFilesBuildPhase;
			buildActionMask = 2147483647;
			dstPath = "";
			dstSubfolderSpec = 10;
			files = (
			);
			name = "Embed Frameworks";
			runOnlyForDeploymentPostprocessing = 0;
		};
/* End PBXCopyFilesBuildPhase section */

/* Begin PBXFileReference section */
		0C8857C1299188DD27B96D89 /* Pods_AppStoreCollectionViewLayout_Demo.framework */ = {isa = PBXFileReference; explicitFileType = wrapper.framework; includeInIndex = 0; path = Pods_AppStoreCollectionViewLayout_Demo.framework; sourceTree = BUILT_PRODUCTS_DIR; };
		0ED1CF879E9A00BD215FD916 /* Pods-AppStoreCollectionViewLayout-Demo.release.xcconfig */ = {isa = PBXFileReference; includeInIndex = 1; lastKnownFileType = text.xcconfig; name = "Pods-AppStoreCollectionViewLayout-Demo.release.xcconfig"; path = "Target Support Files/Pods-AppStoreCollectionViewLayout-Demo/Pods-AppStoreCollectionViewLayout-Demo.release.xcconfig"; sourceTree = "<group>"; };
		8A91137B1FA5D7CA005029FB /* CustomItemSizeDemoCollectionViewController.swift */ = {isa = PBXFileReference; lastKnownFileType = sourcecode.swift; path = CustomItemSizeDemoCollectionViewController.swift; sourceTree = "<group>"; };
		8AC87D4E1D48EEFE00B0DAFE /* AppStoreCollectionViewLayout-Demo.app */ = {isa = PBXFileReference; explicitFileType = wrapper.application; includeInIndex = 0; path = "AppStoreCollectionViewLayout-Demo.app"; sourceTree = BUILT_PRODUCTS_DIR; };
		8AC87D731D48EF7C00B0DAFE /* AppDelegate.swift */ = {isa = PBXFileReference; fileEncoding = 4; lastKnownFileType = sourcecode.swift; path = AppDelegate.swift; sourceTree = "<group>"; };
		8AC87D741D48EF7C00B0DAFE /* Apps.plist */ = {isa = PBXFileReference; fileEncoding = 4; lastKnownFileType = text.plist.xml; path = Apps.plist; sourceTree = "<group>"; };
		8AC87D751D48EF7C00B0DAFE /* AppStoreCollectionViewLayoutDemoViewController.swift */ = {isa = PBXFileReference; fileEncoding = 4; lastKnownFileType = sourcecode.swift; path = AppStoreCollectionViewLayoutDemoViewController.swift; sourceTree = "<group>"; };
		8AC87D761D48EF7C00B0DAFE /* Assets.xcassets */ = {isa = PBXFileReference; lastKnownFileType = folder.assetcatalog; path = Assets.xcassets; sourceTree = "<group>"; };
		8AC87D791D48EF7C00B0DAFE /* Base */ = {isa = PBXFileReference; lastKnownFileType = file.storyboard; name = Base; path = LaunchScreen.storyboard; sourceTree = "<group>"; };
		8AC87D7B1D48EF7C00B0DAFE /* Base */ = {isa = PBXFileReference; lastKnownFileType = file.storyboard; name = Base; path = Main.storyboard; sourceTree = "<group>"; };
		8AC87D7C1D48EF7C00B0DAFE /* Info.plist */ = {isa = PBXFileReference; fileEncoding = 4; lastKnownFileType = text.plist.xml; path = Info.plist; sourceTree = "<group>"; };
		E0E2E3A36899C4C249EA2351 /* Pods-AppStoreCollectionViewLayout-Demo.debug.xcconfig */ = {isa = PBXFileReference; includeInIndex = 1; lastKnownFileType = text.xcconfig; name = "Pods-AppStoreCollectionViewLayout-Demo.debug.xcconfig"; path = "Target Support Files/Pods-AppStoreCollectionViewLayout-Demo/Pods-AppStoreCollectionViewLayout-Demo.debug.xcconfig"; sourceTree = "<group>"; };
/* End PBXFileReference section */

/* Begin PBXFrameworksBuildPhase section */
		8AC87D4B1D48EEFE00B0DAFE /* Frameworks */ = {
			isa = PBXFrameworksBuildPhase;
			buildActionMask = 2147483647;
			files = (
				1EFD9EFF76F5DC5423544C24 /* Pods_AppStoreCollectionViewLayout_Demo.framework in Frameworks */,
			);
			runOnlyForDeploymentPostprocessing = 0;
		};
/* End PBXFrameworksBuildPhase section */

/* Begin PBXGroup section */
		8344D902340B11257F094A7C /* Frameworks */ = {
			isa = PBXGroup;
			children = (
				0C8857C1299188DD27B96D89 /* Pods_AppStoreCollectionViewLayout_Demo.framework */,
			);
			name = Frameworks;
			sourceTree = "<group>";
		};
		8A8DB5091D476F7F00F21FC7 = {
			isa = PBXGroup;
			children = (
				8AC87D4F1D48EEFE00B0DAFE /* AppStoreCollectionViewLayout-Demo */,
				8A8DB5141D476F7F00F21FC7 /* Products */,
				B3803C17842014A9CC46DC91 /* Pods */,
				8344D902340B11257F094A7C /* Frameworks */,
			);
			sourceTree = "<group>";
		};
		8A8DB5141D476F7F00F21FC7 /* Products */ = {
			isa = PBXGroup;
			children = (
				8AC87D4E1D48EEFE00B0DAFE /* AppStoreCollectionViewLayout-Demo.app */,
			);
			name = Products;
			sourceTree = "<group>";
		};
		8AC87D4F1D48EEFE00B0DAFE /* AppStoreCollectionViewLayout-Demo */ = {
			isa = PBXGroup;
			children = (
				8AC87D741D48EF7C00B0DAFE /* Apps.plist */,
				8AC87D7C1D48EF7C00B0DAFE /* Info.plist */,
				8AC87D731D48EF7C00B0DAFE /* AppDelegate.swift */,
				8AC87D751D48EF7C00B0DAFE /* AppStoreCollectionViewLayoutDemoViewController.swift */,
				8A91137B1FA5D7CA005029FB /* CustomItemSizeDemoCollectionViewController.swift */,
				8AC87D761D48EF7C00B0DAFE /* Assets.xcassets */,
				8AC87D771D48EF7C00B0DAFE /* Base.lproj */,
			);
			path = "AppStoreCollectionViewLayout-Demo";
			sourceTree = "<group>";
		};
		8AC87D771D48EF7C00B0DAFE /* Base.lproj */ = {
			isa = PBXGroup;
			children = (
				8AC87D781D48EF7C00B0DAFE /* LaunchScreen.storyboard */,
				8AC87D7A1D48EF7C00B0DAFE /* Main.storyboard */,
			);
			path = Base.lproj;
			sourceTree = "<group>";
		};
		B3803C17842014A9CC46DC91 /* Pods */ = {
			isa = PBXGroup;
			children = (
				E0E2E3A36899C4C249EA2351 /* Pods-AppStoreCollectionViewLayout-Demo.debug.xcconfig */,
				0ED1CF879E9A00BD215FD916 /* Pods-AppStoreCollectionViewLayout-Demo.release.xcconfig */,
			);
			name = Pods;
			path = Pods;
			sourceTree = "<group>";
		};
/* End PBXGroup section */

/* Begin PBXNativeTarget section */
		8AC87D4D1D48EEFE00B0DAFE /* AppStoreCollectionViewLayout-Demo */ = {
			isa = PBXNativeTarget;
			buildConfigurationList = 8AC87D5D1D48EEFE00B0DAFE /* Build configuration list for PBXNativeTarget "AppStoreCollectionViewLayout-Demo" */;
			buildPhases = (
				5FCB50DE1B688BF524048917 /* [CP] Check Pods Manifest.lock */,
				8AC87D4A1D48EEFE00B0DAFE /* Sources */,
				8AC87D4B1D48EEFE00B0DAFE /* Frameworks */,
				8AC87D4C1D48EEFE00B0DAFE /* Resources */,
				8A8C893A1D4A797100E2F53B /* Embed Frameworks */,
				BB6E861A657EC28D45D7413D /* [CP] Embed Pods Frameworks */,
			);
			buildRules = (
			);
			dependencies = (
			);
			name = "AppStoreCollectionViewLayout-Demo";
			productName = "AppStoreCollectionViewLayout-Demo";
			productReference = 8AC87D4E1D48EEFE00B0DAFE /* AppStoreCollectionViewLayout-Demo.app */;
			productType = "com.apple.product-type.application";
		};
/* End PBXNativeTarget section */

/* Begin PBXProject section */
		8A8DB50A1D476F7F00F21FC7 /* Project object */ = {
			isa = PBXProject;
			attributes = {
				LastSwiftUpdateCheck = 0730;
				LastUpgradeCheck = 0930;
				ORGANIZATIONNAME = "Pitiphong Phongpattranont";
				TargetAttributes = {
					8AC87D4D1D48EEFE00B0DAFE = {
						CreatedOnToolsVersion = 7.3.1;
						LastSwiftMigration = 1020;
					};
				};
			};
			buildConfigurationList = 8A8DB50D1D476F7F00F21FC7 /* Build configuration list for PBXProject "CollectionViewShelfLayout" */;
			compatibilityVersion = "Xcode 3.2";
			developmentRegion = en;
			hasScannedForEncodings = 0;
			knownRegions = (
				en,
				Base,
			);
			mainGroup = 8A8DB5091D476F7F00F21FC7;
			productRefGroup = 8A8DB5141D476F7F00F21FC7 /* Products */;
			projectDirPath = "";
			projectRoot = "";
			targets = (
				8AC87D4D1D48EEFE00B0DAFE /* AppStoreCollectionViewLayout-Demo */,
			);
		};
/* End PBXProject section */

/* Begin PBXResourcesBuildPhase section */
		8AC87D4C1D48EEFE00B0DAFE /* Resources */ = {
			isa = PBXResourcesBuildPhase;
			buildActionMask = 2147483647;
			files = (
				8AC87D811D48EF7C00B0DAFE /* LaunchScreen.storyboard in Resources */,
				8AC87D801D48EF7C00B0DAFE /* Assets.xcassets in Resources */,
				8AC87D7E1D48EF7C00B0DAFE /* Apps.plist in Resources */,
				8AC87D821D48EF7C00B0DAFE /* Main.storyboard in Resources */,
			);
			runOnlyForDeploymentPostprocessing = 0;
		};
/* End PBXResourcesBuildPhase section */

/* Begin PBXShellScriptBuildPhase section */
		5FCB50DE1B688BF524048917 /* [CP] Check Pods Manifest.lock */ = {
			isa = PBXShellScriptBuildPhase;
			buildActionMask = 2147483647;
			files = (
			);
			inputFileListPaths = (
			);
			inputPaths = (
				"${PODS_PODFILE_DIR_PATH}/Podfile.lock",
				"${PODS_ROOT}/Manifest.lock",
			);
			name = "[CP] Check Pods Manifest.lock";
			outputFileListPaths = (
			);
			outputPaths = (
				"$(DERIVED_FILE_DIR)/Pods-AppStoreCollectionViewLayout-Demo-checkManifestLockResult.txt",
			);
			runOnlyForDeploymentPostprocessing = 0;
			shellPath = /bin/sh;
			shellScript = "diff \"${PODS_PODFILE_DIR_PATH}/Podfile.lock\" \"${PODS_ROOT}/Manifest.lock\" > /dev/null\nif [ $? != 0 ] ; then\n    # print error to STDERR\n    echo \"error: The sandbox is not in sync with the Podfile.lock. Run 'pod install' or update your CocoaPods installation.\" >&2\n    exit 1\nfi\n# This output is used by Xcode 'outputs' to avoid re-running this script phase.\necho \"SUCCESS\" > \"${SCRIPT_OUTPUT_FILE_0}\"\n";
			showEnvVarsInLog = 0;
		};
		BB6E861A657EC28D45D7413D /* [CP] Embed Pods Frameworks */ = {
			isa = PBXShellScriptBuildPhase;
			buildActionMask = 2147483647;
			files = (
			);
			inputPaths = (
				"${PODS_ROOT}/Target Support Files/Pods-AppStoreCollectionViewLayout-Demo/Pods-AppStoreCollectionViewLayout-Demo-frameworks.sh",
				"${BUILT_PRODUCTS_DIR}/CollectionViewShelfLayout/CollectionViewShelfLayout.framework",
			);
			name = "[CP] Embed Pods Frameworks";
			outputPaths = (
				"${TARGET_BUILD_DIR}/${FRAMEWORKS_FOLDER_PATH}/CollectionViewShelfLayout.framework",
			);
			runOnlyForDeploymentPostprocessing = 0;
			shellPath = /bin/sh;
			shellScript = "\"${PODS_ROOT}/Target Support Files/Pods-AppStoreCollectionViewLayout-Demo/Pods-AppStoreCollectionViewLayout-Demo-frameworks.sh\"\n";
			showEnvVarsInLog = 0;
		};
/* End PBXShellScriptBuildPhase section */

/* Begin PBXSourcesBuildPhase section */
		8AC87D4A1D48EEFE00B0DAFE /* Sources */ = {
			isa = PBXSourcesBuildPhase;
			buildActionMask = 2147483647;
			files = (
				8A91137C1FA5D7CA005029FB /* CustomItemSizeDemoCollectionViewController.swift in Sources */,
				8AC87D7F1D48EF7C00B0DAFE /* AppStoreCollectionViewLayoutDemoViewController.swift in Sources */,
				8AC87D7D1D48EF7C00B0DAFE /* AppDelegate.swift in Sources */,
			);
			runOnlyForDeploymentPostprocessing = 0;
		};
/* End PBXSourcesBuildPhase section */

/* Begin PBXVariantGroup section */
		8AC87D781D48EF7C00B0DAFE /* LaunchScreen.storyboard */ = {
			isa = PBXVariantGroup;
			children = (
				8AC87D791D48EF7C00B0DAFE /* Base */,
			);
			name = LaunchScreen.storyboard;
			sourceTree = "<group>";
		};
		8AC87D7A1D48EF7C00B0DAFE /* Main.storyboard */ = {
			isa = PBXVariantGroup;
			children = (
				8AC87D7B1D48EF7C00B0DAFE /* Base */,
			);
			name = Main.storyboard;
			sourceTree = "<group>";
		};
/* End PBXVariantGroup section */

/* Begin XCBuildConfiguration section */
		8A8DB5191D476F7F00F21FC7 /* Debug */ = {
			isa = XCBuildConfiguration;
			buildSettings = {
				ALWAYS_SEARCH_USER_PATHS = NO;
				CLANG_ANALYZER_NONNULL = YES;
				CLANG_CXX_LANGUAGE_STANDARD = "gnu++0x";
				CLANG_CXX_LIBRARY = "libc++";
				CLANG_ENABLE_MODULES = YES;
				CLANG_ENABLE_OBJC_ARC = YES;
				CLANG_WARN_BLOCK_CAPTURE_AUTORELEASING = YES;
				CLANG_WARN_BOOL_CONVERSION = YES;
				CLANG_WARN_COMMA = YES;
				CLANG_WARN_CONSTANT_CONVERSION = YES;
				CLANG_WARN_DEPRECATED_OBJC_IMPLEMENTATIONS = YES;
				CLANG_WARN_DIRECT_OBJC_ISA_USAGE = YES_ERROR;
				CLANG_WARN_EMPTY_BODY = YES;
				CLANG_WARN_ENUM_CONVERSION = YES;
				CLANG_WARN_INFINITE_RECURSION = YES;
				CLANG_WARN_INT_CONVERSION = YES;
				CLANG_WARN_NON_LITERAL_NULL_CONVERSION = YES;
				CLANG_WARN_OBJC_IMPLICIT_RETAIN_SELF = YES;
				CLANG_WARN_OBJC_LITERAL_CONVERSION = YES;
				CLANG_WARN_OBJC_ROOT_CLASS = YES_ERROR;
				CLANG_WARN_RANGE_LOOP_ANALYSIS = YES;
				CLANG_WARN_STRICT_PROTOTYPES = YES;
				CLANG_WARN_SUSPICIOUS_MOVE = YES;
				CLANG_WARN_UNREACHABLE_CODE = YES;
				CLANG_WARN__DUPLICATE_METHOD_MATCH = YES;
				"CODE_SIGN_IDENTITY[sdk=iphoneos*]" = "iPhone Developer";
				COPY_PHASE_STRIP = NO;
				CURRENT_PROJECT_VERSION = 1;
				DEBUG_INFORMATION_FORMAT = dwarf;
				ENABLE_STRICT_OBJC_MSGSEND = YES;
				ENABLE_TESTABILITY = YES;
				GCC_C_LANGUAGE_STANDARD = gnu99;
				GCC_DYNAMIC_NO_PIC = NO;
				GCC_NO_COMMON_BLOCKS = YES;
				GCC_OPTIMIZATION_LEVEL = 0;
				GCC_PREPROCESSOR_DEFINITIONS = (
					"DEBUG=1",
					"$(inherited)",
				);
				GCC_WARN_64_TO_32_BIT_CONVERSION = YES;
				GCC_WARN_ABOUT_RETURN_TYPE = YES_ERROR;
				GCC_WARN_UNDECLARED_SELECTOR = YES;
				GCC_WARN_UNINITIALIZED_AUTOS = YES_AGGRESSIVE;
				GCC_WARN_UNUSED_FUNCTION = YES;
				GCC_WARN_UNUSED_VARIABLE = YES;
				IPHONEOS_DEPLOYMENT_TARGET = 9.0;
				MTL_ENABLE_DEBUG_INFO = YES;
				ONLY_ACTIVE_ARCH = YES;
				SDKROOT = iphoneos;
				SWIFT_OPTIMIZATION_LEVEL = "-Onone";
				SWIFT_VERSION = 4.2;
				TARGETED_DEVICE_FAMILY = "1,2";
				VERSIONING_SYSTEM = "apple-generic";
				VERSION_INFO_PREFIX = "";
			};
			name = Debug;
		};
		8A8DB51A1D476F7F00F21FC7 /* Release */ = {
			isa = XCBuildConfiguration;
			buildSettings = {
				ALWAYS_SEARCH_USER_PATHS = NO;
				CLANG_ANALYZER_NONNULL = YES;
				CLANG_CXX_LANGUAGE_STANDARD = "gnu++0x";
				CLANG_CXX_LIBRARY = "libc++";
				CLANG_ENABLE_MODULES = YES;
				CLANG_ENABLE_OBJC_ARC = YES;
				CLANG_WARN_BLOCK_CAPTURE_AUTORELEASING = YES;
				CLANG_WARN_BOOL_CONVERSION = YES;
				CLANG_WARN_COMMA = YES;
				CLANG_WARN_CONSTANT_CONVERSION = YES;
				CLANG_WARN_DEPRECATED_OBJC_IMPLEMENTATIONS = YES;
				CLANG_WARN_DIRECT_OBJC_ISA_USAGE = YES_ERROR;
				CLANG_WARN_EMPTY_BODY = YES;
				CLANG_WARN_ENUM_CONVERSION = YES;
				CLANG_WARN_INFINITE_RECURSION = YES;
				CLANG_WARN_INT_CONVERSION = YES;
				CLANG_WARN_NON_LITERAL_NULL_CONVERSION = YES;
				CLANG_WARN_OBJC_IMPLICIT_RETAIN_SELF = YES;
				CLANG_WARN_OBJC_LITERAL_CONVERSION = YES;
				CLANG_WARN_OBJC_ROOT_CLASS = YES_ERROR;
				CLANG_WARN_RANGE_LOOP_ANALYSIS = YES;
				CLANG_WARN_STRICT_PROTOTYPES = YES;
				CLANG_WARN_SUSPICIOUS_MOVE = YES;
				CLANG_WARN_UNREACHABLE_CODE = YES;
				CLANG_WARN__DUPLICATE_METHOD_MATCH = YES;
				"CODE_SIGN_IDENTITY[sdk=iphoneos*]" = "iPhone Developer";
				COPY_PHASE_STRIP = NO;
				CURRENT_PROJECT_VERSION = 1;
				DEBUG_INFORMATION_FORMAT = "dwarf-with-dsym";
				ENABLE_NS_ASSERTIONS = NO;
				ENABLE_STRICT_OBJC_MSGSEND = YES;
				GCC_C_LANGUAGE_STANDARD = gnu99;
				GCC_NO_COMMON_BLOCKS = YES;
				GCC_WARN_64_TO_32_BIT_CONVERSION = YES;
				GCC_WARN_ABOUT_RETURN_TYPE = YES_ERROR;
				GCC_WARN_UNDECLARED_SELECTOR = YES;
				GCC_WARN_UNINITIALIZED_AUTOS = YES_AGGRESSIVE;
				GCC_WARN_UNUSED_FUNCTION = YES;
				GCC_WARN_UNUSED_VARIABLE = YES;
				IPHONEOS_DEPLOYMENT_TARGET = 9.0;
				MTL_ENABLE_DEBUG_INFO = NO;
				SDKROOT = iphoneos;
				SWIFT_OPTIMIZATION_LEVEL = "-Owholemodule";
				SWIFT_VERSION = 4.2;
				TARGETED_DEVICE_FAMILY = "1,2";
				VALIDATE_PRODUCT = YES;
				VERSIONING_SYSTEM = "apple-generic";
				VERSION_INFO_PREFIX = "";
			};
			name = Release;
		};
		8AC87D5E1D48EEFE00B0DAFE /* Debug */ = {
			isa = XCBuildConfiguration;
			baseConfigurationReference = E0E2E3A36899C4C249EA2351 /* Pods-AppStoreCollectionViewLayout-Demo.debug.xcconfig */;
			buildSettings = {
				ASSETCATALOG_COMPILER_APPICON_NAME = AppIcon;
				CODE_SIGN_IDENTITY = "iPhone Developer";
				INFOPLIST_FILE = "$(SRCROOT)/Info.plist";
				LD_RUNPATH_SEARCH_PATHS = "$(inherited) @executable_path/Frameworks";
				PRODUCT_BUNDLE_IDENTIFIER = "me.pitiphong.AppStoreCollectionViewLayout-Demo";
				PRODUCT_NAME = "$(TARGET_NAME)";
			};
			name = Debug;
		};
		8AC87D5F1D48EEFE00B0DAFE /* Release */ = {
			isa = XCBuildConfiguration;
			baseConfigurationReference = 0ED1CF879E9A00BD215FD916 /* Pods-AppStoreCollectionViewLayout-Demo.release.xcconfig */;
			buildSettings = {
				ASSETCATALOG_COMPILER_APPICON_NAME = AppIcon;
				CODE_SIGN_IDENTITY = "iPhone Developer";
				INFOPLIST_FILE = "$(SRCROOT)/Info.plist";
				LD_RUNPATH_SEARCH_PATHS = "$(inherited) @executable_path/Frameworks";
				PRODUCT_BUNDLE_IDENTIFIER = "me.pitiphong.AppStoreCollectionViewLayout-Demo";
				PRODUCT_NAME = "$(TARGET_NAME)";
			};
			name = Release;
		};
/* End XCBuildConfiguration section */

/* Begin XCConfigurationList section */
		8A8DB50D1D476F7F00F21FC7 /* Build configuration list for PBXProject "CollectionViewShelfLayout" */ = {
			isa = XCConfigurationList;
			buildConfigurations = (
				8A8DB5191D476F7F00F21FC7 /* Debug */,
				8A8DB51A1D476F7F00F21FC7 /* Release */,
			);
			defaultConfigurationIsVisible = 0;
			defaultConfigurationName = Release;
		};
		8AC87D5D1D48EEFE00B0DAFE /* Build configuration list for PBXNativeTarget "AppStoreCollectionViewLayout-Demo" */ = {
			isa = XCConfigurationList;
			buildConfigurations = (
				8AC87D5E1D48EEFE00B0DAFE /* Debug */,
				8AC87D5F1D48EEFE00B0DAFE /* Release */,
			);
			defaultConfigurationIsVisible = 0;
			defaultConfigurationName = Release;
		};
/* End XCConfigurationList section */
	};
	rootObject = 8A8DB50A1D476F7F00F21FC7 /* Project object */;
}
